dependencies:
- name: valkey
  repository: oci://registry-1.docker.io/bitnamicharts
  version: 5.6.5
- name: minio
  repository: oci://registry-1.docker.io/bitnamicharts
  version: 17.0.21
- name: cert-manager
  repository: https://charts.jetstack.io
  version: v1.16.4
digest: sha256:46ad57f28d8523adc1257d8b4423e2e8b3b716c0217b725a5d072ccdfb41312f
generated: "2026-05-15T11:03:29.410487+03:00"
