dependencies:
- name: valkey
  repository: oci://registry-1.docker.io/bitnamicharts
  version: 5.6.5
- name: minio
  repository: oci://registry-1.docker.io/bitnamicharts
  version: 17.0.21
digest: sha256:2382668fdbc6b8eef7bc2837406b79ca16cb4d1a26882683f5848809a733c5d9
generated: "2026-05-13T08:51:17.591677+03:00"
